
Microsoft Visual Studio Solution File, Format Version 12.00
# Visual Studio Version 17
VisualStudioVersion = 17.9.34616.47
MinimumVisualStudioVersion = 10.0.40219.1
Project("{2150E333-8FDC-42A3-9474-1A3956D46DE8}") = "Chapter 12", "Chapter 12", "{4DD9A018-B2D2-40D3-AD98-C286808441E3}"
EndProject
Project("{9A19103F-16F7-4668-BE54-9A1E7A4F7556}") = "Northwind.EntityModels.Sqlite", "Chapter 12\Northwind.EntityModels.Sqlite\Northwind.EntityModels.Sqlite.csproj", "{B6033722-93F2-40C3-B26D-DCB1645E7F40}"
EndProject
Project("{9A19103F-16F7-4668-BE54-9A1E7A4F7556}") = "Northwind.DataContext.Sqlite", "Chapter 12\Northwind.DataContext.Sqlite\Northwind.DataContext.Sqlite.csproj", "{801C5398-2A08-4C5D-BB89-5195278D3E2A}"
EndProject
Project("{9A19103F-16F7-4668-BE54-9A1E7A4F7556}") = "Northwind.UnitTests", "Chapter 12\Northwind.UnitTests\Northwind.UnitTests.csproj", "{ED55926D-9D22-41B5-81BD-F7E58810E258}"
EndProject
Project("{2150E333-8FDC-42A3-9474-1A3956D46DE8}") = "Chapter 13", "Chapter 13", "{0E4225FF-405D-4865-872B-8EECCE23F07B}"
EndProject
Project("{9A19103F-16F7-4668-BE54-9A1E7A4F7556}") = "Northwind.Web", "Chapter 13\Northwind.Web\Northwind.Web.csproj", "{5666D646-C7A9-4B93-9AF5-5827BA3DAB3A}"
EndProject
Project("{9A19103F-16F7-4668-BE54-9A1E7A4F7556}") = "Northwind.Razor.Employees", "Chapter 13\Northwind.Razor.Employees\Northwind.Razor.Employees.csproj", "{4B310A6C-254F-4465-9227-FF3C90E7FBAD}"
EndProject
Global
	GlobalSection(SolutionConfigurationPlatforms) = preSolution
		Debug|Any CPU = Debug|Any CPU
		Release|Any CPU = Release|Any CPU
	EndGlobalSection
	GlobalSection(ProjectConfigurationPlatforms) = postSolution
		{B6033722-93F2-40C3-B26D-DCB1645E7F40}.Debug|Any CPU.ActiveCfg = Debug|Any CPU
		{B6033722-93F2-40C3-B26D-DCB1645E7F40}.Debug|Any CPU.Build.0 = Debug|Any CPU
		{B6033722-93F2-40C3-B26D-DCB1645E7F40}.Release|Any CPU.ActiveCfg = Release|Any CPU
		{B6033722-93F2-40C3-B26D-DCB1645E7F40}.Release|Any CPU.Build.0 = Release|Any CPU
		{801C5398-2A08-4C5D-BB89-5195278D3E2A}.Debug|Any CPU.ActiveCfg = Debug|Any CPU
		{801C5398-2A08-4C5D-BB89-5195278D3E2A}.Debug|Any CPU.Build.0 = Debug|Any CPU
		{801C5398-2A08-4C5D-BB89-5195278D3E2A}.Release|Any CPU.ActiveCfg = Release|Any CPU
		{801C5398-2A08-4C5D-BB89-5195278D3E2A}.Release|Any CPU.Build.0 = Release|Any CPU
		{ED55926D-9D22-41B5-81BD-F7E58810E258}.Debug|Any CPU.ActiveCfg = Debug|Any CPU
		{ED55926D-9D22-41B5-81BD-F7E58810E258}.Debug|Any CPU.Build.0 = Debug|Any CPU
		{ED55926D-9D22-41B5-81BD-F7E58810E258}.Release|Any CPU.ActiveCfg = Release|Any CPU
		{ED55926D-9D22-41B5-81BD-F7E58810E258}.Release|Any CPU.Build.0 = Release|Any CPU
		{5666D646-C7A9-4B93-9AF5-5827BA3DAB3A}.Debug|Any CPU.ActiveCfg = Debug|Any CPU
		{5666D646-C7A9-4B93-9AF5-5827BA3DAB3A}.Debug|Any CPU.Build.0 = Debug|Any CPU
		{5666D646-C7A9-4B93-9AF5-5827BA3DAB3A}.Release|Any CPU.ActiveCfg = Release|Any CPU
		{5666D646-C7A9-4B93-9AF5-5827BA3DAB3A}.Release|Any CPU.Build.0 = Release|Any CPU
		{4B310A6C-254F-4465-9227-FF3C90E7FBAD}.Debug|Any CPU.ActiveCfg = Debug|Any CPU
		{4B310A6C-254F-4465-9227-FF3C90E7FBAD}.Debug|Any CPU.Build.0 = Debug|Any CPU
		{4B310A6C-254F-4465-9227-FF3C90E7FBAD}.Release|Any CPU.ActiveCfg = Release|Any CPU
		{4B310A6C-254F-4465-9227-FF3C90E7FBAD}.Release|Any CPU.Build.0 = Release|Any CPU
	EndGlobalSection
	GlobalSection(SolutionProperties) = preSolution
		HideSolutionNode = FALSE
	EndGlobalSection
	GlobalSection(NestedProjects) = preSolution
		{B6033722-93F2-40C3-B26D-DCB1645E7F40} = {4DD9A018-B2D2-40D3-AD98-C286808441E3}
		{801C5398-2A08-4C5D-BB89-5195278D3E2A} = {4DD9A018-B2D2-40D3-AD98-C286808441E3}
		{ED55926D-9D22-41B5-81BD-F7E58810E258} = {4DD9A018-B2D2-40D3-AD98-C286808441E3}
		{5666D646-C7A9-4B93-9AF5-5827BA3DAB3A} = {0E4225FF-405D-4865-872B-8EECCE23F07B}
		{4B310A6C-254F-4465-9227-FF3C90E7FBAD} = {0E4225FF-405D-4865-872B-8EECCE23F07B}
	EndGlobalSection
	GlobalSection(ExtensibilityGlobals) = postSolution
		SolutionGuid = {BAFC1519-900B-47AD-A0D4-A88E82980CA1}
	EndGlobalSection
EndGlobal
